<?xml version="1.0" encoding="utf-8"?>
<Project ToolsVersion="4.0" xmlns="http://schemas.microsoft.com/developer/msbuild/2003">
  <ItemGroup>
    <Filter Include="Source Files">
      <UniqueIdentifier>{4FC737F1-C7A5-4376-A066-2A32D752A2FF}</UniqueIdentifier>
      <Extensions>cpp;c;cc;cxx;def;odl;idl;hpj;bat;asm;asmx</Extensions>
    </Filter>
    <Filter Include="Source Files\opengl">
      <UniqueIdentifier>{9275da76-7418-46d2-bf75-4182ee599ff8}</UniqueIdentifier>
    </Filter>
    <Filter Include="Header Files">
      <UniqueIdentifier>{93995380-89BD-4b04-88EB-625FBE52EBFB}</UniqueIdentifier>
      <Extensions>h;hpp;hxx;hm;inl;inc;xsd</Extensions>
    </Filter>
    <Filter Include="Header Files\VG">
      <UniqueIdentifier>{4d236793-df4f-4583-a19c-2474940a4b77}</UniqueIdentifier>
    </Filter>
    <Filter Include="Header Files\opengl">
      <UniqueIdentifier>{557f950f-3e4b-41e6-a1a1-a8c337741961}</UniqueIdentifier>
    </Filter>
    <Filter Include="Resource Files">
      <UniqueIdentifier>{67DA6AB6-F800-4c08-8B7A-83BB121AAD01}</UniqueIdentifier>
      <Extensions>rc;ico;cur;bmp;dlg;rc2;rct;bin;rgs;gif;jpg;jpeg;jpe;resx;tiff;tif;png;wav</Extensions>
    </Filter>
  </ItemGroup>
  <ItemGroup>
    <ClCompile Include="..\..\src\mkBaseObject.cpp">
      <Filter>Source Files</Filter>
    </ClCompile>
    <ClCompile Include="..\..\src\mkBatch.cpp">
      <Filter>Source Files</Filter>
    </ClCompile>
    <ClCompile Include="..\..\src\mkContext.cpp">
      <Filter>Source Files</Filter>
    </ClCompile>
    <ClCompile Include="..\..\src\mkFont.cpp">
      <Filter>Source Files</Filter>
    </ClCompile>
    <ClCompile Include="..\..\src\mkImage.cpp">
      <Filter>Source Files</Filter>
    </ClCompile>
    <ClCompile Include="..\..\src\mkMath.cpp">
      <Filter>Source Files</Filter>
    </ClCompile>
    <ClCompile Include="..\..\src\mkPaint.cpp">
      <Filter>Source Files</Filter>
    </ClCompile>
    <ClCompile Include="..\..\src\mkParameter.cpp">
      <Filter>Source Files</Filter>
    </ClCompile>
    <ClCompile Include="..\..\src\mkPath.cpp">
      <Filter>Source Files</Filter>
    </ClCompile>
    <ClCompile Include="..\..\src\mkVGU.cpp">
      <Filter>Source Files</Filter>
    </ClCompile>
    <ClCompile Include="..\..\src\opengl\glBatch.cpp">
      <Filter>Source Files\opengl</Filter>
    </ClCompile>
    <ClCompile Include="..\..\src\opengl\glContext.cpp">
      <Filter>Source Files\opengl</Filter>
    </ClCompile>
    <ClCompile Include="..\..\src\opengl\glFont.cpp">
      <Filter>Source Files\opengl</Filter>
    </ClCompile>
    <ClCompile Include="..\..\src\opengl\glImage.cpp">
      <Filter>Source Files\opengl</Filter>
    </ClCompile>
    <ClCompile Include="..\..\src\opengl\glPaint.cpp">
      <Filter>Source Files\opengl</Filter>
    </ClCompile>
    <ClCompile Include="..\..\src\opengl\glPath.cpp">
      <Filter>Source Files\opengl</Filter>
    </ClCompile>
  </ItemGroup>
  <ItemGroup>
    <ClInclude Include="..\..\src\mkBaseObject.h">
      <Filter>Source Files</Filter>
    </ClInclude>
    <ClInclude Include="..\..\src\mkBatch.h">
      <Filter>Source Files</Filter>
    </ClInclude>
    <ClInclude Include="..\..\src\mkCommon.h">
      <Filter>Source Files</Filter>
    </ClInclude>
    <ClInclude Include="..\..\src\mkContext.h">
      <Filter>Source Files</Filter>
    </ClInclude>
    <ClInclude Include="..\..\src\mkFont.h">
      <Filter>Source Files</Filter>
    </ClInclude>
    <ClInclude Include="..\..\src\mkImage.h">
      <Filter>Source Files</Filter>
    </ClInclude>
    <ClInclude Include="..\..\src\mkMath.h">
      <Filter>Source Files</Filter>
    </ClInclude>
    <ClInclude Include="..\..\src\mkPaint.h">
      <Filter>Source Files</Filter>
    </ClInclude>
    <ClInclude Include="..\..\src\mkPath.h">
      <Filter>Source Files</Filter>
    </ClInclude>
    <ClInclude Include="..\..\include\VG\openvg.h">
      <Filter>Header Files\VG</Filter>
    </ClInclude>
    <ClInclude Include="..\..\include\VG\vgext.h">
      <Filter>Header Files\VG</Filter>
    </ClInclude>
    <ClInclude Include="..\..\include\VG\vgplatform.h">
      <Filter>Header Files\VG</Filter>
    </ClInclude>
    <ClInclude Include="..\..\include\VG\vgu.h">
      <Filter>Header Files\VG</Filter>
    </ClInclude>
    <ClInclude Include="..\..\src\opengl\glBatch.h">
      <Filter>Header Files\opengl</Filter>
    </ClInclude>
    <ClInclude Include="..\..\src\opengl\glContext.h">
      <Filter>Header Files\opengl</Filter>
    </ClInclude>
    <ClInclude Include="..\..\src\opengl\glFont.h">
      <Filter>Header Files\opengl</Filter>
    </ClInclude>
    <ClInclude Include="..\..\src\opengl\glImage.h">
      <Filter>Header Files\opengl</Filter>
    </ClInclude>
    <ClInclude Include="..\..\src\opengl\glPaint.h">
      <Filter>Header Files\opengl</Filter>
    </ClInclude>
    <ClInclude Include="..\..\src\opengl\glPath.h">
      <Filter>Header Files\opengl</Filter>
    </ClInclude>
    <ClInclude Include="..\..\src\opengl\glPlatform.h">
      <Filter>Header Files\opengl</Filter>
    </ClInclude>
  </ItemGroup>
</Project>